
Microsoft Visual Studio Solution File, Format Version 12.00
# Visual Studio Version 17
VisualStudioVersion = 17.6.33723.286
MinimumVisualStudioVersion = 10.0.40219.1
Project("{9A19103F-16F7-4668-BE54-9A1E7A4F7556}") = "DatabaseComparison", "DatabaseComparison.csproj", "{528B1C64-E3C5-4106-97BC-425213AEC7AE}"
EndProject
Project("{9A19103F-16F7-4668-BE54-9A1E7A4F7556}") = "NBomberLoadSimulation", "..\NBomberLoadSimulation\NBomberLoadSimulation.csproj", "{C2104BB2-15B3-48CA-AB14-302007845B7F}"
EndProject
Global
	GlobalSection(SolutionConfigurationPlatforms) = preSolution
		Debug|Any CPU = Debug|Any CPU
		Release|Any CPU = Release|Any CPU
	EndGlobalSection
	GlobalSection(ProjectConfigurationPlatforms) = postSolution
		{528B1C64-E3C5-4106-97BC-425213AEC7AE}.Debug|Any CPU.ActiveCfg = Debug|Any CPU
		{528B1C64-E3C5-4106-97BC-425213AEC7AE}.Debug|Any CPU.Build.0 = Debug|Any CPU
		{528B1C64-E3C5-4106-97BC-425213AEC7AE}.Release|Any CPU.ActiveCfg = Release|Any CPU
		{528B1C64-E3C5-4106-97BC-425213AEC7AE}.Release|Any CPU.Build.0 = Release|Any CPU
		{C2104BB2-15B3-48CA-AB14-302007845B7F}.Debug|Any CPU.ActiveCfg = Debug|Any CPU
		{C2104BB2-15B3-48CA-AB14-302007845B7F}.Debug|Any CPU.Build.0 = Debug|Any CPU
		{C2104BB2-15B3-48CA-AB14-302007845B7F}.Release|Any CPU.ActiveCfg = Release|Any CPU
		{C2104BB2-15B3-48CA-AB14-302007845B7F}.Release|Any CPU.Build.0 = Release|Any CPU
	EndGlobalSection
	GlobalSection(SolutionProperties) = preSolution
		HideSolutionNode = FALSE
	EndGlobalSection
	GlobalSection(ExtensibilityGlobals) = postSolution
		SolutionGuid = {62D39DC9-3CC0-445F-924D-E7A83C90763C}
	EndGlobalSection
EndGlobal
